
Microsoft Visual Studio Solution File, Format Version 12.00
# Visual Studio Version 16
VisualStudioVersion = 16.0.29613.14
MinimumVisualStudioVersion = 10.0.40219.1
Project("{FAE04EC0-301F-11D3-BF4B-00C04F79EFBC}") = "HelloBlazor", "HelloBlazor\HelloBlazor.csproj", "{349AA349-8088-4730-A408-D5DB2B13019C}"
EndProject
Global
	GlobalSection(SolutionConfigurationPlatforms) = preSolution
		Debug|Any CPU = Debug|Any CPU
		Release|Any CPU = Release|Any CPU
	EndGlobalSection
	GlobalSection(ProjectConfigurationPlatforms) = postSolution
		{349AA349-8088-4730-A408-D5DB2B13019C}.Debug|Any CPU.ActiveCfg = Debug|Any CPU
		{349AA349-8088-4730-A408-D5DB2B13019C}.Debug|Any CPU.Build.0 = Debug|Any CPU
		{349AA349-8088-4730-A408-D5DB2B13019C}.Release|Any CPU.ActiveCfg = Release|Any CPU
		{349AA349-8088-4730-A408-D5DB2B13019C}.Release|Any CPU.Build.0 = Release|Any CPU
	EndGlobalSection
	GlobalSection(SolutionProperties) = preSolution
		HideSolutionNode = FALSE
	EndGlobalSection
	GlobalSection(ExtensibilityGlobals) = postSolution
		SolutionGuid = {E2BC0727-5F6F-4734-BFF1-3DBC7949C69C}
	EndGlobalSection
EndGlobal
